
Microsoft Visual Studio Solution File, Format Version 12.00
# Visual Studio Version 17
VisualStudioVersion = 17.6.33723.286
MinimumVisualStudioVersion = 10.0.40219.1
Project("{FAE04EC0-301F-11D3-BF4B-00C04F79EFBC}") = "AcademyWeb", "AcademyWeb\AcademyWeb.csproj", "{29271B3D-67C6-486D-A417-39A0766B11A8}"
EndProject
Global
	GlobalSection(SolutionConfigurationPlatforms) = preSolution
		Debug|Any CPU = Debug|Any CPU
		Release|Any CPU = Release|Any CPU
	EndGlobalSection
	GlobalSection(ProjectConfigurationPlatforms) = postSolution
		{29271B3D-67C6-486D-A417-39A0766B11A8}.Debug|Any CPU.ActiveCfg = Debug|Any CPU
		{29271B3D-67C6-486D-A417-39A0766B11A8}.Debug|Any CPU.Build.0 = Debug|Any CPU
		{29271B3D-67C6-486D-A417-39A0766B11A8}.Release|Any CPU.ActiveCfg = Release|Any CPU
		{29271B3D-67C6-486D-A417-39A0766B11A8}.Release|Any CPU.Build.0 = Release|Any CPU
	EndGlobalSection
	GlobalSection(SolutionProperties) = preSolution
		HideSolutionNode = FALSE
	EndGlobalSection
	GlobalSection(ExtensibilityGlobals) = postSolution
		SolutionGuid = {B873B799-03C5-4FD1-B4A1-8F4FC3353C58}
	EndGlobalSection
EndGlobal
